
Microsoft Visual Studio Solution File, Format Version 9.00
# Visual Studio 2005
Project("{8BC9CEB8-8B4A-11D0-8D11-00A0C91BC942}") = "nifskope", "nifskope.vcproj", "{12398421-8107-4BB0-A0CD-3F2FBD533D9B}"
EndProject
Global
	GlobalSection(SolutionConfigurationPlatforms) = preSolution
		Debug|Win32 = Debug|Win32
		Release|Win32 = Release|Win32
	EndGlobalSection
	GlobalSection(ProjectConfigurationPlatforms) = postSolution
		{12398421-8107-4BB0-A0CD-3F2FBD533D9B}.Debug|Win32.ActiveCfg = Debug|Win32
		{12398421-8107-4BB0-A0CD-3F2FBD533D9B}.Debug|Win32.Build.0 = Debug|Win32
		{12398421-8107-4BB0-A0CD-3F2FBD533D9B}.Release|Win32.ActiveCfg = Release|Win32
		{12398421-8107-4BB0-A0CD-3F2FBD533D9B}.Release|Win32.Build.0 = Release|Win32
	EndGlobalSection
	GlobalSection(SolutionProperties) = preSolution
		HideSolutionNode = FALSE
	EndGlobalSection
EndGlobal
